// !$*UTF8*$!
{
	archiveVersion = 1;
	classes = {
	};
	objectVersion = 50;
	objects = {

/* Begin PBXBuildFile section */
		927C0917259846D10081D52C /* AppDelegate.swift in Sources */ = {isa = PBXBuildFile; fileRef = 927C0916259846D10081D52C /* AppDelegate.swift */; };
		927C0919259846D10081D52C /* SceneDelegate.swift in Sources */ = {isa = PBXBuildFile; fileRef = 927C0918259846D10081D52C /* SceneDelegate.swift */; };
		927C091B259846D10081D52C /* ContentView.swift in Sources */ = {isa = PBXBuildFile; fileRef = 927C091A259846D10081D52C /* ContentView.swift */; };
		927C091D259846D20081D52C /* Assets.xcassets in Resources */ = {isa = PBXBuildFile; fileRef = 927C091C259846D20081D52C /* Assets.xcassets */; };
		927C0920259846D20081D52C /* Preview Assets.xcassets in Resources */ = {isa = PBXBuildFile; fileRef = 927C091F259846D20081D52C /* Preview Assets.xcassets */; };
		927C0923259846D20081D52C /* LaunchScreen.storyboard in Resources */ = {isa = PBXBuildFile; fileRef = 927C0921259846D20081D52C /* LaunchScreen.storyboard */; };
		927C092B25994C670081D52C /* CardView.swift in Sources */ = {isa = PBXBuildFile; fileRef = 927C092A25994C670081D52C /* CardView.swift */; };
		927C092F2599771D0081D52C /* Welcome.swift in Sources */ = {isa = PBXBuildFile; fileRef = 927C092E2599771D0081D52C /* Welcome.swift */; };
		927C0931259978E00081D52C /* SlotsView.swift in Sources */ = {isa = PBXBuildFile; fileRef = 927C0930259978E00081D52C /* SlotsView.swift */; };
/* End PBXBuildFile section */

/* Begin PBXFileReference section */
		927C0913259846D10081D52C /* Tiny Casino.app */ = {isa = PBXFileReference; explicitFileType = wrapper.application; includeInIndex = 0; path = "Tiny Casino.app"; sourceTree = BUILT_PRODUCTS_DIR; };
		927C0916259846D10081D52C /* AppDelegate.swift */ = {isa = PBXFileReference; lastKnownFileType = sourcecode.swift; path = AppDelegate.swift; sourceTree = "<group>"; };
		927C0918259846D10081D52C /* SceneDelegate.swift */ = {isa = PBXFileReference; lastKnownFileType = sourcecode.swift; path = SceneDelegate.swift; sourceTree = "<group>"; };
		927C091A259846D10081D52C /* ContentView.swift */ = {isa = PBXFileReference; lastKnownFileType = sourcecode.swift; path = ContentView.swift; sourceTree = "<group>"; };
		927C091C259846D20081D52C /* Assets.xcassets */ = {isa = PBXFileReference; lastKnownFileType = folder.assetcatalog; path = Assets.xcassets; sourceTree = "<group>"; };
		927C091F259846D20081D52C /* Preview Assets.xcassets */ = {isa = PBXFileReference; lastKnownFileType = folder.assetcatalog; path = "Preview Assets.xcassets"; sourceTree = "<group>"; };
		927C0922259846D20081D52C /* Base */ = {isa = PBXFileReference; lastKnownFileType = file.storyboard; name = Base; path = Base.lproj/LaunchScreen.storyboard; sourceTree = "<group>"; };
		927C0924259846D20081D52C /* Info.plist */ = {isa = PBXFileReference; lastKnownFileType = text.plist.xml; path = Info.plist; sourceTree = "<group>"; };
		927C092A25994C670081D52C /* CardView.swift */ = {isa = PBXFileReference; lastKnownFileType = sourcecode.swift; path = CardView.swift; sourceTree = "<group>"; };
		927C092E2599771D0081D52C /* Welcome.swift */ = {isa = PBXFileReference; lastKnownFileType = sourcecode.swift; path = Welcome.swift; sourceTree = "<group>"; };
		927C0930259978E00081D52C /* SlotsView.swift */ = {isa = PBXFileReference; lastKnownFileType = sourcecode.swift; path = SlotsView.swift; sourceTree = "<group>"; };
/* End PBXFileReference section */

/* Begin PBXFrameworksBuildPhase section */
		927C0910259846D10081D52C /* Frameworks */ = {
			isa = PBXFrameworksBuildPhase;
			buildActionMask = 2147483647;
			files = (
			);
			runOnlyForDeploymentPostprocessing = 0;
		};
/* End PBXFrameworksBuildPhase section */

/* Begin PBXGroup section */
		927C090A259846D10081D52C = {
			isa = PBXGroup;
			children = (
				927C0915259846D10081D52C /* CasinoSlots */,
				927C0914259846D10081D52C /* Products */,
			);
			sourceTree = "<group>";
		};
		927C0914259846D10081D52C /* Products */ = {
			isa = PBXGroup;
			children = (
				927C0913259846D10081D52C /* Tiny Casino.app */,
			);
			name = Products;
			sourceTree = "<group>";
		};
		927C0915259846D10081D52C /* CasinoSlots */ = {
			isa = PBXGroup;
			children = (
				927C0916259846D10081D52C /* AppDelegate.swift */,
				927C0918259846D10081D52C /* SceneDelegate.swift */,
				927C092E2599771D0081D52C /* Welcome.swift */,
				927C091A259846D10081D52C /* ContentView.swift */,
				927C091C259846D20081D52C /* Assets.xcassets */,
				927C0921259846D20081D52C /* LaunchScreen.storyboard */,
				927C0924259846D20081D52C /* Info.plist */,
				927C091E259846D20081D52C /* Preview Content */,
				927C092A25994C670081D52C /* CardView.swift */,
				927C0930259978E00081D52C /* SlotsView.swift */,
			);
			path = CasinoSlots;
			sourceTree = "<group>";
		};
		927C091E259846D20081D52C /* Preview Content */ = {
			isa = PBXGroup;
			children = (
				927C091F259846D20081D52C /* Preview Assets.xcassets */,
			);
			path = "Preview Content";
			sourceTree = "<group>";
		};
/* End PBXGroup section */

/* Begin PBXNativeTarget section */
		927C0912259846D10081D52C /* CasinoSlots */ = {
			isa = PBXNativeTarget;
			buildConfigurationList = 927C0927259846D20081D52C /* Build configuration list for PBXNativeTarget "CasinoSlots" */;
			buildPhases = (
				927C090F259846D10081D52C /* Sources */,
				927C0910259846D10081D52C /* Frameworks */,
				927C0911259846D10081D52C /* Resources */,
			);
			buildRules = (
			);
			dependencies = (
			);
			name = CasinoSlots;
			productName = CasinoSlots;
			productReference = 927C0913259846D10081D52C /* Tiny Casino.app */;
			productType = "com.apple.product-type.application";
		};
/* End PBXNativeTarget section */

/* Begin PBXProject section */
		927C090B259846D10081D52C /* Project object */ = {
			isa = PBXProject;
			attributes = {
				LastSwiftUpdateCheck = 1170;
				LastUpgradeCheck = 1170;
				ORGANIZATIONNAME = "Jerry Lai";
				TargetAttributes = {
					927C0912259846D10081D52C = {
						CreatedOnToolsVersion = 11.7;
					};
				};
			};
			buildConfigurationList = 927C090E259846D10081D52C /* Build configuration list for PBXProject "CasinoSlots" */;
			compatibilityVersion = "Xcode 9.3";
			developmentRegion = en;
			hasScannedForEncodings = 0;
			knownRegions = (
				en,
				Base,
			);
			mainGroup = 927C090A259846D10081D52C;
			productRefGroup = 927C0914259846D10081D52C /* Products */;
			projectDirPath = "";
			projectRoot = "";
			targets = (
				927C0912259846D10081D52C /* CasinoSlots */,
			);
		};
/* End PBXProject section */

/* Begin PBXResourcesBuildPhase section */
		927C0911259846D10081D52C /* Resources */ = {
			isa = PBXResourcesBuildPhase;
			buildActionMask = 2147483647;
			files = (
				927C0923259846D20081D52C /* LaunchScreen.storyboard in Resources */,
				927C0920259846D20081D52C /* Preview Assets.xcassets in Resources */,
				927C091D259846D20081D52C /* Assets.xcassets in Resources */,
			);
			runOnlyForDeploymentPostprocessing = 0;
		};
/* End PBXResourcesBuildPhase section */

/* Begin PBXSourcesBuildPhase section */
		927C090F259846D10081D52C /* Sources */ = {
			isa = PBXSourcesBuildPhase;
			buildActionMask = 2147483647;
			files = (
				927C0917259846D10081D52C /* AppDelegate.swift in Sources */,
				927C092F2599771D0081D52C /* Welcome.swift in Sources */,
				927C0931259978E00081D52C /* SlotsView.swift in Sources */,
				927C0919259846D10081D52C /* SceneDelegate.swift in Sources */,
				927C092B25994C670081D52C /* CardView.swift in Sources */,
				927C091B259846D10081D52C /* ContentView.swift in Sources */,
			);
			runOnlyForDeploymentPostprocessing = 0;
		};
/* End PBXSourcesBuildPhase section */

/* Begin PBXVariantGroup section */
		927C0921259846D20081D52C /* LaunchScreen.storyboard */ = {
			isa = PBXVariantGroup;
			children = (
				927C0922259846D20081D52C /* Base */,
			);
			name = LaunchScreen.storyboard;
			sourceTree = "<group>";
		};
/* End PBXVariantGroup section */

/* Begin XCBuildConfiguration section */
		927C0925259846D20081D52C /* Debug */ = {
			isa = XCBuildConfiguration;
			buildSettings = {
				ALWAYS_SEARCH_USER_PATHS = NO;
				CLANG_ANALYZER_NONNULL = YES;
				CLANG_ANALYZER_NUMBER_OBJECT_CONVERSION = YES_AGGRESSIVE;
				CLANG_CXX_LANGUAGE_STANDARD = "gnu++14";
				CLANG_CXX_LIBRARY = "libc++";
				CLANG_ENABLE_MODULES = YES;
				CLANG_ENABLE_OBJC_ARC = YES;
				CLANG_ENABLE_OBJC_WEAK = YES;
				CLANG_WARN_BLOCK_CAPTURE_AUTORELEASING = YES;
				CLANG_WARN_BOOL_CONVERSION = YES;
				CLANG_WARN_COMMA = YES;
				CLANG_WARN_CONSTANT_CONVERSION = YES;
				CLANG_WARN_DEPRECATED_OBJC_IMPLEMENTATIONS = YES;
				CLANG_WARN_DIRECT_OBJC_ISA_USAGE = YES_ERROR;
				CLANG_WARN_DOCUMENTATION_COMMENTS = YES;
				CLANG_WARN_EMPTY_BODY = YES;
				CLANG_WARN_ENUM_CONVERSION = YES;
				CLANG_WARN_INFINITE_RECURSION = YES;
				CLANG_WARN_INT_CONVERSION = YES;
				CLANG_WARN_NON_LITERAL_NULL_CONVERSION = YES;
				CLANG_WARN_OBJC_IMPLICIT_RETAIN_SELF = YES;
				CLANG_WARN_OBJC_LITERAL_CONVERSION = YES;
				CLANG_WARN_OBJC_ROOT_CLASS = YES_ERROR;
				CLANG_WARN_RANGE_LOOP_ANALYSIS = YES;
				CLANG_WARN_STRICT_PROTOTYPES = YES;
				CLANG_WARN_SUSPICIOUS_MOVE = YES;
				CLANG_WARN_UNGUARDED_AVAILABILITY = YES_AGGRESSIVE;
				CLANG_WARN_UNREACHABLE_CODE = YES;
				CLANG_WARN__DUPLICATE_METHOD_MATCH = YES;
				COPY_PHASE_STRIP = NO;
				DEBUG_INFORMATION_FORMAT = dwarf;
				ENABLE_STRICT_OBJC_MSGSEND = YES;
				ENABLE_TESTABILITY = YES;
				GCC_C_LANGUAGE_STANDARD = gnu11;
				GCC_DYNAMIC_NO_PIC = NO;
				GCC_NO_COMMON_BLOCKS = YES;
				GCC_OPTIMIZATION_LEVEL = 0;
				GCC_PREPROCESSOR_DEFINITIONS = (
					"DEBUG=1",
					"$(inherited)",
				);
				GCC_WARN_64_TO_32_BIT_CONVERSION = YES;
				GCC_WARN_ABOUT_RETURN_TYPE = YES_ERROR;
				GCC_WARN_UNDECLARED_SELECTOR = YES;
				GCC_WARN_UNINITIALIZED_AUTOS = YES_AGGRESSIVE;
				GCC_WARN_UNUSED_FUNCTION = YES;
				GCC_WARN_UNUSED_VARIABLE = YES;
				IPHONEOS_DEPLOYMENT_TARGET = 13.7;
				MTL_ENABLE_DEBUG_INFO = INCLUDE_SOURCE;
				MTL_FAST_MATH = YES;
				ONLY_ACTIVE_ARCH = YES;
				SDKROOT = iphoneos;
				SWIFT_ACTIVE_COMPILATION_CONDITIONS = DEBUG;
				SWIFT_OPTIMIZATION_LEVEL = "-Onone";
			};
			name = Debug;
		};
		927C0926259846D20081D52C /* Release */ = {
			isa = XCBuildConfiguration;
			buildSettings = {
				ALWAYS_SEARCH_USER_PATHS = NO;
				CLANG_ANALYZER_NONNULL = YES;
				CLANG_ANALYZER_NUMBER_OBJECT_CONVERSION = YES_AGGRESSIVE;
				CLANG_CXX_LANGUAGE_STANDARD = "gnu++14";
				CLANG_CXX_LIBRARY = "libc++";
				CLANG_ENABLE_MODULES = YES;
				CLANG_ENABLE_OBJC_ARC = YES;
				CLANG_ENABLE_OBJC_WEAK = YES;
				CLANG_WARN_BLOCK_CAPTURE_AUTORELEASING = YES;
				CLANG_WARN_BOOL_CONVERSION = YES;
				CLANG_WARN_COMMA = YES;
				CLANG_WARN_CONSTANT_CONVERSION = YES;
				CLANG_WARN_DEPRECATED_OBJC_IMPLEMENTATIONS = YES;
				CLANG_WARN_DIRECT_OBJC_ISA_USAGE = YES_ERROR;
				CLANG_WARN_DOCUMENTATION_COMMENTS = YES;
				CLANG_WARN_EMPTY_BODY = YES;
				CLANG_WARN_ENUM_CONVERSION = YES;
				CLANG_WARN_INFINITE_RECURSION = YES;
				CLANG_WARN_INT_CONVERSION = YES;
				CLANG_WARN_NON_LITERAL_NULL_CONVERSION = YES;
				CLANG_WARN_OBJC_IMPLICIT_RETAIN_SELF = YES;
				CLANG_WARN_OBJC_LITERAL_CONVERSION = YES;
				CLANG_WARN_OBJC_ROOT_CLASS = YES_ERROR;
				CLANG_WARN_RANGE_LOOP_ANALYSIS = YES;
				CLANG_WARN_STRICT_PROTOTYPES = YES;
				CLANG_WARN_SUSPICIOUS_MOVE = YES;
				CLANG_WARN_UNGUARDED_AVAILABILITY = YES_AGGRESSIVE;
				CLANG_WARN_UNREACHABLE_CODE = YES;
				CLANG_WARN__DUPLICATE_METHOD_MATCH = YES;
				COPY_PHASE_STRIP = NO;
				DEBUG_INFORMATION_FORMAT = "dwarf-with-dsym";
				ENABLE_NS_ASSERTIONS = NO;
				ENABLE_STRICT_OBJC_MSGSEND = YES;
				GCC_C_LANGUAGE_STANDARD = gnu11;
				GCC_NO_COMMON_BLOCKS = YES;
				GCC_WARN_64_TO_32_BIT_CONVERSION = YES;
				GCC_WARN_ABOUT_RETURN_TYPE = YES_ERROR;
				GCC_WARN_UNDECLARED_SELECTOR = YES;
				GCC_WARN_UNINITIALIZED_AUTOS = YES_AGGRESSIVE;
				GCC_WARN_UNUSED_FUNCTION = YES;
				GCC_WARN_UNUSED_VARIABLE = YES;
				IPHONEOS_DEPLOYMENT_TARGET = 13.7;
				MTL_ENABLE_DEBUG_INFO = NO;
				MTL_FAST_MATH = YES;
				SDKROOT = iphoneos;
				SWIFT_COMPILATION_MODE = wholemodule;
				SWIFT_OPTIMIZATION_LEVEL = "-O";
				VALIDATE_PRODUCT = YES;
			};
			name = Release;
		};
		927C0928259846D20081D52C /* Debug */ = {
			isa = XCBuildConfiguration;
			buildSettings = {
				ASSETCATALOG_COMPILER_APPICON_NAME = AppIcon;
				CODE_SIGN_STYLE = Automatic;
				CURRENT_PROJECT_VERSION = 1.1.1;
				DEVELOPMENT_ASSET_PATHS = "\"CasinoSlots/Preview Content\"";
				DEVELOPMENT_TEAM = 8L83CZ8839;
				ENABLE_PREVIEWS = YES;
				INFOPLIST_FILE = CasinoSlots/Info.plist;
				LD_RUNPATH_SEARCH_PATHS = (
					"$(inherited)",
					"@executable_path/Frameworks",
				);
				PRODUCT_BUNDLE_IDENTIFIER = com.tiny.casino;
				PRODUCT_NAME = "Tiny Casino";
				SWIFT_VERSION = 5.0;
				TARGETED_DEVICE_FAMILY = "1,2";
			};
			name = Debug;
		};
		927C0929259846D20081D52C /* Release */ = {
			isa = XCBuildConfiguration;
			buildSettings = {
				ASSETCATALOG_COMPILER_APPICON_NAME = AppIcon;
				CODE_SIGN_STYLE = Automatic;
				CURRENT_PROJECT_VERSION = 1.1.1;
				DEVELOPMENT_ASSET_PATHS = "\"CasinoSlots/Preview Content\"";
				DEVELOPMENT_TEAM = 8L83CZ8839;
				ENABLE_PREVIEWS = YES;
				INFOPLIST_FILE = CasinoSlots/Info.plist;
				LD_RUNPATH_SEARCH_PATHS = (
					"$(inherited)",
					"@executable_path/Frameworks",
				);
				PRODUCT_BUNDLE_IDENTIFIER = com.tiny.casino;
				PRODUCT_NAME = "Tiny Casino";
				SWIFT_VERSION = 5.0;
				TARGETED_DEVICE_FAMILY = "1,2";
			};
			name = Release;
		};
/* End XCBuildConfiguration section */

/* Begin XCConfigurationList section */
		927C090E259846D10081D52C /* Build configuration list for PBXProject "CasinoSlots" */ = {
			isa = XCConfigurationList;
			buildConfigurations = (
				927C0925259846D20081D52C /* Debug */,
				927C0926259846D20081D52C /* Release */,
			);
			defaultConfigurationIsVisible = 0;
			defaultConfigurationName = Release;
		};
		927C0927259846D20081D52C /* Build configuration list for PBXNativeTarget "CasinoSlots" */ = {
			isa = XCConfigurationList;
			buildConfigurations = (
				927C0928259846D20081D52C /* Debug */,
				927C0929259846D20081D52C /* Release */,
			);
			defaultConfigurationIsVisible = 0;
			defaultConfigurationName = Release;
		};
/* End XCConfigurationList section */
	};
	rootObject = 927C090B259846D10081D52C /* Project object */;
}
